{
  "version": 4,
  "terraform_version": "1.3.2",
  "serial": 5,
  "lineage": "004db5c7-179a-33d3-931d-0160da3dc996",
  "outputs": {},
  "resources": [
    {
      "mode": "managed",
      "type": "google_spanner_database",
      "name": "mydatabase",
      "provider": "provider[\"registry.terraform.io/hashicorp/google\"]",
      "instances": [
        {
          "schema_version": 0,
          "attributes": {
            "database_dialect": "GOOGLE_STANDARD_SQL",
            "ddl": [
              "CREATE TABLE t1 (t1 INT64 NOT NULL,) PRIMARY KEY(t1)",
              "CREATE TABLE t2 (t2 INT64 NOT NULL,) PRIMARY KEY(t2)"
            ],
            "deletion_protection": false,
            "encryption_config": [],
            "id": "tfgen-spanid-20221122141318506/mydatabase",
            "instance": "tfgen-spanid-20221122141318506",
            "name": "mydatabase",
            "project": "wesionaryteam-practice-account",
            "state": "READY",
            "timeouts": null,
            "version_retention_period": "3d"
          },
          "sensitive_attributes": [],
          "private": "eyJlMmJmYjczMC1lY2FhLTExZTYtOGY4OC0zNDM2M2JjN2M0YzAiOnsiY3JlYXRlIjoxMjAwMDAwMDAwMDAwLCJkZWxldGUiOjEyMDAwMDAwMDAwMDAsInVwZGF0ZSI6MTIwMDAwMDAwMDAwMH19",
          "dependencies": [
            "google_spanner_instance.my-instance"
          ]
        }
      ]
    },
    {
      "mode": "managed",
      "type": "google_spanner_instance",
      "name": "my-instance",
      "provider": "provider[\"registry.terraform.io/hashicorp/google\"]",
      "instances": [
        {
          "schema_version": 0,
          "attributes": {
            "config": "projects/wesionaryteam-practice-account/instanceConfigs/regional-us-central1",
            "display_name": "Test Spanner Instance",
            "force_destroy": false,
            "id": "wesionaryteam-practice-account/tfgen-spanid-20221122141318506",
            "labels": {
              "env": "dev"
            },
            "name": "tfgen-spanid-20221122141318506",
            "num_nodes": 2,
            "processing_units": 2000,
            "project": "wesionaryteam-practice-account",
            "state": "READY",
            "timeouts": null
          },
          "sensitive_attributes": [],
          "private": "eyJlMmJmYjczMC1lY2FhLTExZTYtOGY4OC0zNDM2M2JjN2M0YzAiOnsiY3JlYXRlIjoxMjAwMDAwMDAwMDAwLCJkZWxldGUiOjEyMDAwMDAwMDAwMDAsInVwZGF0ZSI6MTIwMDAwMDAwMDAwMH19"
        }
      ]
    }
  ],
  "check_results": []
}
