{
  "version": 4,
  "terraform_version": "1.3.2",
  "serial": 3,
  "lineage": "956bf380-5373-db94-5642-052ecd685ba3",
  "outputs": {},
  "resources": [
    {
      "mode": "managed",
      "type": "google_bigquery_dataset",
      "name": "dataset",
      "provider": "provider[\"registry.terraform.io/hashicorp/google\"]",
      "instances": [
        {
          "schema_version": 0,
          "attributes": {
            "access": [
              {
                "dataset": [],
                "domain": "",
                "group_by_email": "",
                "role": "OWNER",
                "routine": [],
                "special_group": "",
                "user_by_email": "bqowner@wesionaryteam-practice-account.iam.gserviceaccount.com",
                "view": []
              },
              {
                "dataset": [],
                "domain": "hashicorp.com",
                "group_by_email": "",
                "role": "READER",
                "routine": [],
                "special_group": "",
                "user_by_email": "",
                "view": []
              }
            ],
            "creation_time": 1669125628026,
            "dataset_id": "example_dataset",
            "default_encryption_configuration": [],
            "default_partition_expiration_ms": 0,
            "default_table_expiration_ms": 3600000,
            "delete_contents_on_destroy": false,
            "description": "This is a test description",
            "etag": "6H5iN7RDIparIyjC8wDrVg==",
            "friendly_name": "test",
            "id": "projects/wesionaryteam-practice-account/datasets/example_dataset",
            "labels": {
              "env": "default"
            },
            "last_modified_time": 1669125628026,
            "location": "EU",
            "max_time_travel_hours": "",
            "project": "wesionaryteam-practice-account",
            "self_link": "https://bigquery.googleapis.com/bigquery/v2/projects/wesionaryteam-practice-account/datasets/example_dataset",
            "timeouts": null
          },
          "sensitive_attributes": [],
          "private": "eyJlMmJmYjczMC1lY2FhLTExZTYtOGY4OC0zNDM2M2JjN2M0YzAiOnsiY3JlYXRlIjoxMjAwMDAwMDAwMDAwLCJkZWxldGUiOjEyMDAwMDAwMDAwMDAsInVwZGF0ZSI6MTIwMDAwMDAwMDAwMH19",
          "dependencies": [
            "google_service_account.bqowner"
          ]
        }
      ]
    },
    {
      "mode": "managed",
      "type": "google_service_account",
      "name": "bqowner",
      "provider": "provider[\"registry.terraform.io/hashicorp/google\"]",
      "instances": [
        {
          "schema_version": 0,
          "attributes": {
            "account_id": "bqowner",
            "description": "",
            "disabled": false,
            "display_name": "",
            "email": "bqowner@wesionaryteam-practice-account.iam.gserviceaccount.com",
            "id": "projects/wesionaryteam-practice-account/serviceAccounts/bqowner@wesionaryteam-practice-account.iam.gserviceaccount.com",
            "member": "serviceAccount:bqowner@wesionaryteam-practice-account.iam.gserviceaccount.com",
            "name": "projects/wesionaryteam-practice-account/serviceAccounts/bqowner@wesionaryteam-practice-account.iam.gserviceaccount.com",
            "project": "wesionaryteam-practice-account",
            "timeouts": null,
            "unique_id": "117187618214243036397"
          },
          "sensitive_attributes": [],
          "private": "eyJlMmJmYjczMC1lY2FhLTExZTYtOGY4OC0zNDM2M2JjN2M0YzAiOnsiY3JlYXRlIjozMDAwMDAwMDAwMDB9fQ=="
        }
      ]
    }
  ],
  "check_results": []
}
