{
  "version": 4,
  "terraform_version": "1.3.2",
  "serial": 7,
  "lineage": "36b01c93-22a3-9038-046e-da5a349d16c1",
  "outputs": {},
  "resources": [
    {
      "mode": "managed",
      "type": "random_string",
      "name": "name",
      "provider": "provider[\"registry.terraform.io/hashicorp/random\"]",
      "instances": [
        {
          "schema_version": 2,
          "attributes": {
            "id": "rJq0R3eO@W#X\u003c8T9iNebRcASDmv?pA",
            "keepers": null,
            "length": 30,
            "lower": true,
            "min_lower": 0,
            "min_numeric": 0,
            "min_special": 0,
            "min_upper": 0,
            "number": true,
            "numeric": true,
            "override_special": null,
            "result": "rJq0R3eO@W#X\u003c8T9iNebRcASDmv?pA",
            "special": true,
            "upper": true
          },
          "sensitive_attributes": []
        }
      ]
    }
  ],
  "check_results": []
}
