{
  "version": 4,
  "terraform_version": "1.3.2",
  "serial": 2,
  "lineage": "3818c806-c7dd-6e23-c13d-551e4149631d",
  "outputs": {
    "integer": {
      "value": 31,
      "type": "number"
    }
  },
  "resources": [
    {
      "mode": "managed",
      "type": "random_integer",
      "name": "myinterger",
      "provider": "provider[\"registry.terraform.io/hashicorp/random\"]",
      "instances": [
        {
          "schema_version": 0,
          "attributes": {
            "id": "31",
            "keepers": null,
            "max": 50,
            "min": 10,
            "result": 31,
            "seed": null
          },
          "sensitive_attributes": []
        }
      ]
    }
  ],
  "check_results": []
}
