{
  "version": 4,
  "terraform_version": "1.3.2",
  "serial": 5,
  "lineage": "4002be12-f9cc-68db-71f8-2792c1637869",
  "outputs": {},
  "resources": [
    {
      "mode": "data",
      "type": "google_compute_network",
      "name": "redis-network",
      "provider": "provider[\"registry.terraform.io/hashicorp/google\"]",
      "instances": [
        {
          "schema_version": 0,
          "attributes": {
            "description": null,
            "gateway_ipv4": null,
            "id": null,
            "name": null,
            "project": null,
            "self_link": null,
            "subnetworks_self_links": null
          },
          "sensitive_attributes": []
        }
      ]
    },
    {
      "mode": "managed",
      "type": "google_redis_instance",
      "name": "cache",
      "provider": "provider[\"registry.terraform.io/hashicorp/google\"]",
      "instances": [
        {
          "schema_version": 0,
          "attributes": {
            "alternative_location_id": "us-central1-f",
            "auth_enabled": false,
            "auth_string": "",
            "authorized_network": "projects/wesionaryteam-practice-account/global/networks/default",
            "connect_mode": "DIRECT_PEERING",
            "create_time": "2022-11-22T15:31:26.870682130Z",
            "current_location_id": "us-central1-f",
            "customer_managed_key": "",
            "display_name": "Terraform Test Instance",
            "host": "192.168.0.4",
            "id": "projects/wesionaryteam-practice-account/locations/us-central1/instances/ha-memory-cache",
            "labels": {
              "my_key": "my_val",
              "other_key": "other_val"
            },
            "location_id": "us-central1-a",
            "maintenance_policy": [
              {
                "create_time": "2022-11-22T15:31:26.705360Z",
                "description": "",
                "update_time": "2022-11-22T15:31:26.705360Z",
                "weekly_maintenance_window": [
                  {
                    "day": "TUESDAY",
                    "duration": "3600s",
                    "start_time": [
                      {
                        "hours": 0,
                        "minutes": 30,
                        "nanos": 0,
                        "seconds": 0
                      }
                    ]
                  }
                ]
              }
            ],
            "maintenance_schedule": [],
            "memory_size_gb": 1,
            "name": "ha-memory-cache",
            "nodes": [
              {
                "id": "node-0",
                "zone": "us-central1-a"
              },
              {
                "id": "node-1",
                "zone": "us-central1-f"
              }
            ],
            "persistence_config": [
              {
                "persistence_mode": "DISABLED",
                "rdb_next_snapshot_time": "",
                "rdb_snapshot_period": "",
                "rdb_snapshot_start_time": ""
              }
            ],
            "persistence_iam_identity": "serviceAccount:service-784265933097@cloud-redis.iam.gserviceaccount.com",
            "port": 6379,
            "project": "wesionaryteam-practice-account",
            "read_endpoint": "",
            "read_endpoint_port": 0,
            "read_replicas_mode": "READ_REPLICAS_DISABLED",
            "redis_configs": null,
            "redis_version": "REDIS_4_0",
            "region": "us-central1",
            "replica_count": 1,
            "reserved_ip_range": "192.168.0.0/29",
            "secondary_ip_range": "",
            "server_ca_certs": [],
            "tier": "STANDARD_HA",
            "timeouts": null,
            "transit_encryption_mode": "DISABLED"
          },
          "sensitive_attributes": [],
          "private": "eyJlMmJmYjczMC1lY2FhLTExZTYtOGY4OC0zNDM2M2JjN2M0YzAiOnsiY3JlYXRlIjoxMjAwMDAwMDAwMDAwLCJkZWxldGUiOjEyMDAwMDAwMDAwMDAsInVwZGF0ZSI6MTIwMDAwMDAwMDAwMH19",
          "dependencies": [
            "data.google_compute_network.redis-network"
          ]
        }
      ]
    }
  ],
  "check_results": []
}
