{
  "version": 4,
  "terraform_version": "1.3.2",
  "serial": 9,
  "lineage": "b582ed97-2c2f-d45b-d886-30ba4a62704e",
  "outputs": {},
  "resources": [
    {
      "mode": "managed",
      "type": "random_string",
      "name": "name",
      "provider": "provider[\"registry.terraform.io/hashicorp/random\"]",
      "instances": [
        {
          "schema_version": 2,
          "attributes": {
            "id": "E4%8jbh(gj\u003ePG8ZsluZj?[ddi:mpSb",
            "keepers": null,
            "length": 30,
            "lower": true,
            "min_lower": 0,
            "min_numeric": 0,
            "min_special": 0,
            "min_upper": 0,
            "number": true,
            "numeric": true,
            "override_special": null,
            "result": "E4%8jbh(gj\u003ePG8ZsluZj?[ddi:mpSb",
            "special": true,
            "upper": true
          },
          "sensitive_attributes": [],
          "create_before_destroy": true
        }
      ]
    }
  ],
  "check_results": []
}
