{
  "version": 4,
  "terraform_version": "1.3.2",
  "serial": 16,
  "lineage": "fd7fa515-67a9-0172-ef9b-7b3d9d8d5660",
  "outputs": {},
  "resources": [
    {
      "mode": "managed",
      "type": "google_bigtable_instance",
      "name": "production-instance",
      "provider": "provider[\"registry.terraform.io/hashicorp/google\"]",
      "instances": [
        {
          "schema_version": 1,
          "attributes": {
            "cluster": [
              {
                "autoscaling_config": [],
                "cluster_id": "tf-instance-cluster",
                "kms_key_name": "",
                "num_nodes": 1,
                "storage_type": "SSD",
                "zone": "us-central1-c"
              }
            ],
            "deletion_protection": true,
            "display_name": "tf-instance",
            "id": "projects/wesionaryteam-practice-account/instances/tf-instance",
            "instance_type": "PRODUCTION",
            "labels": {
              "my-label": "prod-label"
            },
            "name": "tf-instance",
            "project": "wesionaryteam-practice-account"
          },
          "sensitive_attributes": [],
          "private": "eyJzY2hlbWFfdmVyc2lvbiI6IjEifQ=="
        }
      ]
    }
  ],
  "check_results": []
}
