{
  "version": 4,
  "terraform_version": "1.3.2",
  "serial": 5,
  "lineage": "49b8e9c6-d04b-a06c-27c9-41eadd1bc917",
  "outputs": {},
  "resources": [
    {
      "mode": "managed",
      "type": "google_pubsub_subscription",
      "name": "subba-subscription",
      "provider": "provider[\"registry.terraform.io/hashicorp/google\"]",
      "instances": [
        {
          "schema_version": 0,
          "attributes": {
            "ack_deadline_seconds": 20,
            "bigquery_config": [],
            "dead_letter_policy": [],
            "enable_exactly_once_delivery": false,
            "enable_message_ordering": false,
            "expiration_policy": [
              {
                "ttl": "2678400s"
              }
            ],
            "filter": "",
            "id": "projects/wesionaryteam-practice-account/subscriptions/example-subscription",
            "labels": {
              "env": "dev"
            },
            "message_retention_duration": "604800s",
            "name": "example-subscription",
            "project": "wesionaryteam-practice-account",
            "push_config": [
              {
                "attributes": null,
                "oidc_token": [],
                "push_endpoint": "https://selftechnepal.com/push"
              }
            ],
            "retain_acked_messages": false,
            "retry_policy": [],
            "timeouts": null,
            "topic": "projects/wesionaryteam-practice-account/topics/subba-topic"
          },
          "sensitive_attributes": [],
          "private": "eyJlMmJmYjczMC1lY2FhLTExZTYtOGY4OC0zNDM2M2JjN2M0YzAiOnsiY3JlYXRlIjoxMjAwMDAwMDAwMDAwLCJkZWxldGUiOjEyMDAwMDAwMDAwMDAsInVwZGF0ZSI6MTIwMDAwMDAwMDAwMH19",
          "dependencies": [
            "google_pubsub_topic.subba-topic"
          ]
        }
      ]
    },
    {
      "mode": "managed",
      "type": "google_pubsub_topic",
      "name": "subba-topic",
      "provider": "provider[\"registry.terraform.io/hashicorp/google\"]",
      "instances": [
        {
          "schema_version": 0,
          "attributes": {
            "id": "projects/wesionaryteam-practice-account/topics/subba-topic",
            "kms_key_name": "",
            "labels": {
              "env": "dev"
            },
            "message_retention_duration": "86600s",
            "message_storage_policy": [],
            "name": "subba-topic",
            "project": "wesionaryteam-practice-account",
            "schema_settings": [],
            "timeouts": null
          },
          "sensitive_attributes": [],
          "private": "eyJlMmJmYjczMC1lY2FhLTExZTYtOGY4OC0zNDM2M2JjN2M0YzAiOnsiY3JlYXRlIjoxMjAwMDAwMDAwMDAwLCJkZWxldGUiOjEyMDAwMDAwMDAwMDAsInVwZGF0ZSI6MTIwMDAwMDAwMDAwMH19"
        }
      ]
    }
  ],
  "check_results": []
}
